
Microsoft Visual Studio Solution File, Format Version 12.00
# Visual Studio 15
VisualStudioVersion = 15.0.28307.1622
MinimumVisualStudioVersion = 10.0.40219.1
Project("{8BC9CEB8-8B4A-11D0-8D11-00A0C91BC942}") = "Notes", "Notes\Notes.vcxproj", "{1C6D2B09-5BFD-4C84-92A0-0C133998828E}"
EndProject
Global
	GlobalSection(SolutionConfigurationPlatforms) = preSolution
		Debug|x64 = Debug|x64
		Debug|x86 = Debug|x86
		Release|x64 = Release|x64
		Release|x86 = Release|x86
	EndGlobalSection
	GlobalSection(ProjectConfigurationPlatforms) = postSolution
		{1C6D2B09-5BFD-4C84-92A0-0C133998828E}.Debug|x64.ActiveCfg = Debug|x64
		{1C6D2B09-5BFD-4C84-92A0-0C133998828E}.Debug|x64.Build.0 = Debug|x64
		{1C6D2B09-5BFD-4C84-92A0-0C133998828E}.Debug|x86.ActiveCfg = Debug|Win32
		{1C6D2B09-5BFD-4C84-92A0-0C133998828E}.Debug|x86.Build.0 = Debug|Win32
		{1C6D2B09-5BFD-4C84-92A0-0C133998828E}.Release|x64.ActiveCfg = Release|x64
		{1C6D2B09-5BFD-4C84-92A0-0C133998828E}.Release|x64.Build.0 = Release|x64
		{1C6D2B09-5BFD-4C84-92A0-0C133998828E}.Release|x86.ActiveCfg = Release|Win32
		{1C6D2B09-5BFD-4C84-92A0-0C133998828E}.Release|x86.Build.0 = Release|Win32
	EndGlobalSection
	GlobalSection(SolutionProperties) = preSolution
		HideSolutionNode = FALSE
	EndGlobalSection
	GlobalSection(ExtensibilityGlobals) = postSolution
		SolutionGuid = {879FD2BC-3AF3-4CB8-8704-9BCBB0C4F9CA}
	EndGlobalSection
EndGlobal
